// !$*UTF8*$!
{
	archiveVersion = 1;
	classes = {
	};
	objectVersion = 56;
	objects = {

/* Begin PBXBuildFile section */
		7A087E3C2B3D1B2A00701446 /* ContentView.swift in Sources */ = {isa = PBXBuildFile; fileRef = 7A087E052B3CF57B00701446 /* ContentView.swift */; };
		7A087E3D2B3D1B2A00701446 /* Signup.swift in Sources */ = {isa = PBXBuildFile; fileRef = 7A087E192B3D0DC200701446 /* Signup.swift */; };
		7A087E3F2B3D1B2A00701446 /* Auth.swift in Sources */ = {isa = PBXBuildFile; fileRef = 7A087E032B3CF57B00701446 /* Auth.swift */; };
		7A087E402B3D1B2A00701446 /* SplashView.swift in Sources */ = {isa = PBXBuildFile; fileRef = 7A087E132B3CF73900701446 /* SplashView.swift */; };
		7A087E412B3D1B2A00701446 /* Login.swift in Sources */ = {isa = PBXBuildFile; fileRef = 7A087E172B3D0DB700701446 /* Login.swift */; };
		7A087E442B3D1B2A00701446 /* pretendard_extra_bold.otf in Resources */ = {isa = PBXBuildFile; fileRef = 7A087E272B3D0FDE00701446 /* pretendard_extra_bold.otf */; };
		7A087E452B3D1B2A00701446 /* Preview Assets.xcassets in Resources */ = {isa = PBXBuildFile; fileRef = 7A087E0A2B3CF57C00701446 /* Preview Assets.xcassets */; };
		7A087E462B3D1B2A00701446 /* pretendard_medium.otf in Resources */ = {isa = PBXBuildFile; fileRef = 7A087E252B3D0FDE00701446 /* pretendard_medium.otf */; };
		7A087E472B3D1B2A00701446 /* pretendard_light.otf in Resources */ = {isa = PBXBuildFile; fileRef = 7A087E282B3D0FDE00701446 /* pretendard_light.otf */; };
		7A087E482B3D1B2A00701446 /* pretendard_bold.otf in Resources */ = {isa = PBXBuildFile; fileRef = 7A087E242B3D0FDE00701446 /* pretendard_bold.otf */; };
		7A087E492B3D1B2A00701446 /* Assets.xcassets in Resources */ = {isa = PBXBuildFile; fileRef = 7A087E072B3CF57C00701446 /* Assets.xcassets */; };
		7A087E4A2B3D1B2A00701446 /* pretendard_thin.otf in Resources */ = {isa = PBXBuildFile; fileRef = 7A087E2A2B3D0FDE00701446 /* pretendard_thin.otf */; };
		7A087E4B2B3D1B2A00701446 /* pretendard_semi_bold.otf in Resources */ = {isa = PBXBuildFile; fileRef = 7A087E262B3D0FDE00701446 /* pretendard_semi_bold.otf */; };
		7A087E4C2B3D1B2A00701446 /* pretendard_regular.otf in Resources */ = {isa = PBXBuildFile; fileRef = 7A087E292B3D0FDE00701446 /* pretendard_regular.otf */; };
		7A99D2262B440CCE00F1626C /* TextRule.swift in Sources */ = {isa = PBXBuildFile; fileRef = 7A99D2252B440CCE00F1626C /* TextRule.swift */; };
		7A99D2292B44114900F1626C /* PasswordHideToggleStyle.swift in Sources */ = {isa = PBXBuildFile; fileRef = 7A99D2282B44114900F1626C /* PasswordHideToggleStyle.swift */; };
		7A99D22B2B441C8900F1626C /* SelectCountryRadioButton.swift in Sources */ = {isa = PBXBuildFile; fileRef = 7A99D22A2B441C8900F1626C /* SelectCountryRadioButton.swift */; };
		7A99D22E2B446D7F00F1626C /* Alamofire in Frameworks */ = {isa = PBXBuildFile; productRef = 7A99D22D2B446D7F00F1626C /* Alamofire */; };
		7A99D2312B4524FF00F1626C /* Constant.swift in Sources */ = {isa = PBXBuildFile; fileRef = 7A99D2302B4524FF00F1626C /* Constant.swift */; };
		7A99D2342B452BFF00F1626C /* URL.swift in Sources */ = {isa = PBXBuildFile; fileRef = 7A99D2332B452BFF00F1626C /* URL.swift */; };
		7A99D2392B45367400F1626C /* LoginRequestDto.swift in Sources */ = {isa = PBXBuildFile; fileRef = 7A99D2382B45367400F1626C /* LoginRequestDto.swift */; };
		7A99D23D2B4537B900F1626C /* TokenResponseDto.swift in Sources */ = {isa = PBXBuildFile; fileRef = 7A99D23C2B4537B900F1626C /* TokenResponseDto.swift */; };
		7A99D2402B456B2F00F1626C /* SwiftKeychainWrapper in Frameworks */ = {isa = PBXBuildFile; productRef = 7A99D23F2B456B2F00F1626C /* SwiftKeychainWrapper */; };
		7A99D2422B456B6A00F1626C /* Keychain.swift in Sources */ = {isa = PBXBuildFile; fileRef = 7A99D2412B456B6A00F1626C /* Keychain.swift */; };
		7A99D2442B45717100F1626C /* SignupRequestDto.swift in Sources */ = {isa = PBXBuildFile; fileRef = 7A99D2432B45717100F1626C /* SignupRequestDto.swift */; };
		7A99D2492B46418100F1626C /* LoginViewModel.swift in Sources */ = {isa = PBXBuildFile; fileRef = 7A99D2482B46418100F1626C /* LoginViewModel.swift */; };
		7A99D24B2B46418D00F1626C /* SignupViewModel.swift in Sources */ = {isa = PBXBuildFile; fileRef = 7A99D24A2B46418D00F1626C /* SignupViewModel.swift */; };
		7A99D24D2B46DAEB00F1626C /* ErrorResponseDto.swift in Sources */ = {isa = PBXBuildFile; fileRef = 7A99D24C2B46DAEB00F1626C /* ErrorResponseDto.swift */; };
		7AD3DDD62B3D85CE00B4EE55 /* CheckBoxToggleStyle.swift in Sources */ = {isa = PBXBuildFile; fileRef = 7AD3DDD52B3D85CE00B4EE55 /* CheckBoxToggleStyle.swift */; };
		7AD3DDDA2B3EDEA500B4EE55 /* FlowKit in Frameworks */ = {isa = PBXBuildFile; productRef = 7AD3DDD92B3EDEA500B4EE55 /* FlowKit */; };
		7AE2CB672B3D4A4300270F27 /* Fonts.swift in Sources */ = {isa = PBXBuildFile; fileRef = 7AE2CB662B3D4A4300270F27 /* Fonts.swift */; };
		7AE2CB6A2B3D526000270F27 /* Color.swift in Sources */ = {isa = PBXBuildFile; fileRef = 7AE2CB692B3D526000270F27 /* Color.swift */; };
/* End PBXBuildFile section */

/* Begin PBXFileReference section */
		7A087E032B3CF57B00701446 /* Auth.swift */ = {isa = PBXFileReference; lastKnownFileType = sourcecode.swift; path = Auth.swift; sourceTree = "<group>"; };
		7A087E052B3CF57B00701446 /* ContentView.swift */ = {isa = PBXFileReference; lastKnownFileType = sourcecode.swift; path = ContentView.swift; sourceTree = "<group>"; };
		7A087E072B3CF57C00701446 /* Assets.xcassets */ = {isa = PBXFileReference; lastKnownFileType = folder.assetcatalog; path = Assets.xcassets; sourceTree = "<group>"; };
		7A087E0A2B3CF57C00701446 /* Preview Assets.xcassets */ = {isa = PBXFileReference; lastKnownFileType = folder.assetcatalog; path = "Preview Assets.xcassets"; sourceTree = "<group>"; };
		7A087E132B3CF73900701446 /* SplashView.swift */ = {isa = PBXFileReference; lastKnownFileType = sourcecode.swift; path = SplashView.swift; sourceTree = "<group>"; };
		7A087E172B3D0DB700701446 /* Login.swift */ = {isa = PBXFileReference; lastKnownFileType = sourcecode.swift; path = Login.swift; sourceTree = "<group>"; };
		7A087E192B3D0DC200701446 /* Signup.swift */ = {isa = PBXFileReference; lastKnownFileType = sourcecode.swift; path = Signup.swift; sourceTree = "<group>"; };
		7A087E242B3D0FDE00701446 /* pretendard_bold.otf */ = {isa = PBXFileReference; lastKnownFileType = file; name = pretendard_bold.otf; path = ../../../../../../../Desktop/font/pretendard_bold.otf; sourceTree = "<group>"; };
		7A087E252B3D0FDE00701446 /* pretendard_medium.otf */ = {isa = PBXFileReference; lastKnownFileType = file; name = pretendard_medium.otf; path = ../../../../../../../Desktop/font/pretendard_medium.otf; sourceTree = "<group>"; };
		7A087E262B3D0FDE00701446 /* pretendard_semi_bold.otf */ = {isa = PBXFileReference; lastKnownFileType = file; name = pretendard_semi_bold.otf; path = ../../../../../../../Desktop/font/pretendard_semi_bold.otf; sourceTree = "<group>"; };
		7A087E272B3D0FDE00701446 /* pretendard_extra_bold.otf */ = {isa = PBXFileReference; lastKnownFileType = file; name = pretendard_extra_bold.otf; path = ../../../../../../../Desktop/font/pretendard_extra_bold.otf; sourceTree = "<group>"; };
		7A087E282B3D0FDE00701446 /* pretendard_light.otf */ = {isa = PBXFileReference; lastKnownFileType = file; name = pretendard_light.otf; path = ../../../../../../../Desktop/font/pretendard_light.otf; sourceTree = "<group>"; };
		7A087E292B3D0FDE00701446 /* pretendard_regular.otf */ = {isa = PBXFileReference; lastKnownFileType = file; name = pretendard_regular.otf; path = ../../../../../../../Desktop/font/pretendard_regular.otf; sourceTree = "<group>"; };
		7A087E2A2B3D0FDE00701446 /* pretendard_thin.otf */ = {isa = PBXFileReference; lastKnownFileType = file; name = pretendard_thin.otf; path = ../../../../../../../Desktop/font/pretendard_thin.otf; sourceTree = "<group>"; };
		7A087E502B3D1B2A00701446 /* newjeans-bunnies-ios.app */ = {isa = PBXFileReference; explicitFileType = wrapper.application; includeInIndex = 0; path = "newjeans-bunnies-ios.app"; sourceTree = BUILT_PRODUCTS_DIR; };
		7A72B97D2B3D39EF00CFD9F5 /* Info.plist */ = {isa = PBXFileReference; lastKnownFileType = text.plist.xml; path = Info.plist; sourceTree = "<group>"; };
		7A99D2252B440CCE00F1626C /* TextRule.swift */ = {isa = PBXFileReference; lastKnownFileType = sourcecode.swift; path = TextRule.swift; sourceTree = "<group>"; };
		7A99D2282B44114900F1626C /* PasswordHideToggleStyle.swift */ = {isa = PBXFileReference; lastKnownFileType = sourcecode.swift; path = PasswordHideToggleStyle.swift; sourceTree = "<group>"; };
		7A99D22A2B441C8900F1626C /* SelectCountryRadioButton.swift */ = {isa = PBXFileReference; lastKnownFileType = sourcecode.swift; path = SelectCountryRadioButton.swift; sourceTree = "<group>"; };
		7A99D2302B4524FF00F1626C /* Constant.swift */ = {isa = PBXFileReference; lastKnownFileType = sourcecode.swift; path = Constant.swift; sourceTree = "<group>"; };
		7A99D2332B452BFF00F1626C /* URL.swift */ = {isa = PBXFileReference; lastKnownFileType = sourcecode.swift; path = URL.swift; sourceTree = "<group>"; };
		7A99D2382B45367400F1626C /* LoginRequestDto.swift */ = {isa = PBXFileReference; lastKnownFileType = sourcecode.swift; path = LoginRequestDto.swift; sourceTree = "<group>"; };
		7A99D23C2B4537B900F1626C /* TokenResponseDto.swift */ = {isa = PBXFileReference; lastKnownFileType = sourcecode.swift; path = TokenResponseDto.swift; sourceTree = "<group>"; };
		7A99D2412B456B6A00F1626C /* Keychain.swift */ = {isa = PBXFileReference; lastKnownFileType = sourcecode.swift; path = Keychain.swift; sourceTree = "<group>"; };
		7A99D2432B45717100F1626C /* SignupRequestDto.swift */ = {isa = PBXFileReference; lastKnownFileType = sourcecode.swift; path = SignupRequestDto.swift; sourceTree = "<group>"; };
		7A99D2482B46418100F1626C /* LoginViewModel.swift */ = {isa = PBXFileReference; lastKnownFileType = sourcecode.swift; path = LoginViewModel.swift; sourceTree = "<group>"; };
		7A99D24A2B46418D00F1626C /* SignupViewModel.swift */ = {isa = PBXFileReference; lastKnownFileType = sourcecode.swift; path = SignupViewModel.swift; sourceTree = "<group>"; };
		7A99D24C2B46DAEB00F1626C /* ErrorResponseDto.swift */ = {isa = PBXFileReference; lastKnownFileType = sourcecode.swift; path = ErrorResponseDto.swift; sourceTree = "<group>"; };
		7AD3DDD52B3D85CE00B4EE55 /* CheckBoxToggleStyle.swift */ = {isa = PBXFileReference; lastKnownFileType = sourcecode.swift; path = CheckBoxToggleStyle.swift; sourceTree = "<group>"; };
		7AE2CB662B3D4A4300270F27 /* Fonts.swift */ = {isa = PBXFileReference; lastKnownFileType = sourcecode.swift; path = Fonts.swift; sourceTree = "<group>"; };
		7AE2CB692B3D526000270F27 /* Color.swift */ = {isa = PBXFileReference; lastKnownFileType = sourcecode.swift; path = Color.swift; sourceTree = "<group>"; };
/* End PBXFileReference section */

/* Begin PBXFrameworksBuildPhase section */
		7A087E422B3D1B2A00701446 /* Frameworks */ = {
			isa = PBXFrameworksBuildPhase;
			buildActionMask = 2147483647;
			files = (
				7AD3DDDA2B3EDEA500B4EE55 /* FlowKit in Frameworks */,
				7A99D22E2B446D7F00F1626C /* Alamofire in Frameworks */,
				7A99D2402B456B2F00F1626C /* SwiftKeychainWrapper in Frameworks */,
			);
			runOnlyForDeploymentPostprocessing = 0;
		};
/* End PBXFrameworksBuildPhase section */

/* Begin PBXGroup section */
		7A087DF72B3CF57B00701446 = {
			isa = PBXGroup;
			children = (
				7A087E022B3CF57B00701446 /* newjeans-bunnies-ios */,
				7A087E012B3CF57B00701446 /* Products */,
			);
			sourceTree = "<group>";
		};
		7A087E012B3CF57B00701446 /* Products */ = {
			isa = PBXGroup;
			children = (
				7A087E502B3D1B2A00701446 /* newjeans-bunnies-ios.app */,
			);
			name = Products;
			sourceTree = "<group>";
		};
		7A087E022B3CF57B00701446 /* newjeans-bunnies-ios */ = {
			isa = PBXGroup;
			children = (
				7A99D2222B43D63200F1626C /* utils */,
				7A087E052B3CF57B00701446 /* ContentView.swift */,
				7A087E132B3CF73900701446 /* SplashView.swift */,
				7A087E1B2B3D0F3700701446 /* designsystem */,
				7A087E122B3CF6E300701446 /* auth */,
				7A087E072B3CF57C00701446 /* Assets.xcassets */,
				7A087E092B3CF57C00701446 /* Preview Content */,
				7A72B97D2B3D39EF00CFD9F5 /* Info.plist */,
			);
			path = "newjeans-bunnies-ios";
			sourceTree = "<group>";
		};
		7A087E092B3CF57C00701446 /* Preview Content */ = {
			isa = PBXGroup;
			children = (
				7A087E0A2B3CF57C00701446 /* Preview Assets.xcassets */,
			);
			path = "Preview Content";
			sourceTree = "<group>";
		};
		7A087E122B3CF6E300701446 /* auth */ = {
			isa = PBXGroup;
			children = (
				7A99D2472B4640F700F1626C /* viewModel */,
				7A99D2322B4527D000F1626C /* network */,
				7A99D22F2B45245800F1626C /* view */,
			);
			path = auth;
			sourceTree = "<group>";
		};
		7A087E1B2B3D0F3700701446 /* designsystem */ = {
			isa = PBXGroup;
			children = (
				7A99D2272B44110600F1626C /* ui */,
				7AE2CB682B3D523F00270F27 /* color */,
				7A087E1C2B3D0F4600701446 /* fonts */,
			);
			path = designsystem;
			sourceTree = "<group>";
		};
		7A087E1C2B3D0F4600701446 /* fonts */ = {
			isa = PBXGroup;
			children = (
				7A087E242B3D0FDE00701446 /* pretendard_bold.otf */,
				7A087E272B3D0FDE00701446 /* pretendard_extra_bold.otf */,
				7A087E282B3D0FDE00701446 /* pretendard_light.otf */,
				7A087E252B3D0FDE00701446 /* pretendard_medium.otf */,
				7A087E292B3D0FDE00701446 /* pretendard_regular.otf */,
				7A087E262B3D0FDE00701446 /* pretendard_semi_bold.otf */,
				7A087E2A2B3D0FDE00701446 /* pretendard_thin.otf */,
				7AE2CB662B3D4A4300270F27 /* Fonts.swift */,
			);
			path = fonts;
			sourceTree = "<group>";
		};
		7A99D2222B43D63200F1626C /* utils */ = {
			isa = PBXGroup;
			children = (
				7A99D2252B440CCE00F1626C /* TextRule.swift */,
				7A99D2302B4524FF00F1626C /* Constant.swift */,
				7A99D2412B456B6A00F1626C /* Keychain.swift */,
			);
			path = utils;
			sourceTree = "<group>";
		};
		7A99D2272B44110600F1626C /* ui */ = {
			isa = PBXGroup;
			children = (
				7AD3DDD52B3D85CE00B4EE55 /* CheckBoxToggleStyle.swift */,
				7A99D2282B44114900F1626C /* PasswordHideToggleStyle.swift */,
				7A99D22A2B441C8900F1626C /* SelectCountryRadioButton.swift */,
			);
			path = ui;
			sourceTree = "<group>";
		};
		7A99D22F2B45245800F1626C /* view */ = {
			isa = PBXGroup;
			children = (
				7A087E172B3D0DB700701446 /* Login.swift */,
				7A087E192B3D0DC200701446 /* Signup.swift */,
				7A087E032B3CF57B00701446 /* Auth.swift */,
			);
			path = view;
			sourceTree = "<group>";
		};
		7A99D2322B4527D000F1626C /* network */ = {
			isa = PBXGroup;
			children = (
				7A99D2352B45328400F1626C /* dto */,
				7A99D2332B452BFF00F1626C /* URL.swift */,
			);
			path = network;
			sourceTree = "<group>";
		};
		7A99D2352B45328400F1626C /* dto */ = {
			isa = PBXGroup;
			children = (
				7A99D2372B45340E00F1626C /* response */,
				7A99D2362B45332E00F1626C /* request */,
			);
			path = dto;
			sourceTree = "<group>";
		};
		7A99D2362B45332E00F1626C /* request */ = {
			isa = PBXGroup;
			children = (
				7A99D2382B45367400F1626C /* LoginRequestDto.swift */,
				7A99D2432B45717100F1626C /* SignupRequestDto.swift */,
			);
			path = request;
			sourceTree = "<group>";
		};
		7A99D2372B45340E00F1626C /* response */ = {
			isa = PBXGroup;
			children = (
				7A99D23C2B4537B900F1626C /* TokenResponseDto.swift */,
				7A99D24C2B46DAEB00F1626C /* ErrorResponseDto.swift */,
			);
			path = response;
			sourceTree = "<group>";
		};
		7A99D2472B4640F700F1626C /* viewModel */ = {
			isa = PBXGroup;
			children = (
				7A99D2482B46418100F1626C /* LoginViewModel.swift */,
				7A99D24A2B46418D00F1626C /* SignupViewModel.swift */,
			);
			path = viewModel;
			sourceTree = "<group>";
		};
		7AE2CB682B3D523F00270F27 /* color */ = {
			isa = PBXGroup;
			children = (
				7AE2CB692B3D526000270F27 /* Color.swift */,
			);
			path = color;
			sourceTree = "<group>";
		};
/* End PBXGroup section */

/* Begin PBXNativeTarget section */
		7A087E3A2B3D1B2A00701446 /* newjeans-bunnies-ios */ = {
			isa = PBXNativeTarget;
			buildConfigurationList = 7A087E4D2B3D1B2A00701446 /* Build configuration list for PBXNativeTarget "newjeans-bunnies-ios" */;
			buildPhases = (
				7A087E3B2B3D1B2A00701446 /* Sources */,
				7A087E422B3D1B2A00701446 /* Frameworks */,
				7A087E432B3D1B2A00701446 /* Resources */,
			);
			buildRules = (
			);
			dependencies = (
			);
			name = "newjeans-bunnies-ios";
			packageProductDependencies = (
				7AD3DDD92B3EDEA500B4EE55 /* FlowKit */,
				7A99D22D2B446D7F00F1626C /* Alamofire */,
				7A99D23F2B456B2F00F1626C /* SwiftKeychainWrapper */,
			);
			productName = "newjeans-bunnies-ios";
			productReference = 7A087E502B3D1B2A00701446 /* newjeans-bunnies-ios.app */;
			productType = "com.apple.product-type.application";
		};
/* End PBXNativeTarget section */

/* Begin PBXProject section */
		7A087DF82B3CF57B00701446 /* Project object */ = {
			isa = PBXProject;
			attributes = {
				BuildIndependentTargetsInParallel = 1;
				LastSwiftUpdateCheck = 1510;
				LastUpgradeCheck = 1510;
				TargetAttributes = {
					7A087E3A2B3D1B2A00701446 = {
						LastSwiftMigration = 1510;
					};
				};
			};
			buildConfigurationList = 7A087DFB2B3CF57B00701446 /* Build configuration list for PBXProject "newjeans-bunnies-ios" */;
			compatibilityVersion = "Xcode 14.0";
			developmentRegion = en;
			hasScannedForEncodings = 0;
			knownRegions = (
				en,
				Base,
			);
			mainGroup = 7A087DF72B3CF57B00701446;
			packageReferences = (
				7AD3DDD82B3EDEA500B4EE55 /* XCRemoteSwiftPackageReference "FlowKit" */,
				7A99D22C2B446D7F00F1626C /* XCRemoteSwiftPackageReference "Alamofire" */,
				7A99D23E2B456B2F00F1626C /* XCRemoteSwiftPackageReference "SwiftKeychainWrapper" */,
			);
			productRefGroup = 7A087E012B3CF57B00701446 /* Products */;
			projectDirPath = "";
			projectRoot = "";
			targets = (
				7A087E3A2B3D1B2A00701446 /* newjeans-bunnies-ios */,
			);
		};
/* End PBXProject section */

/* Begin PBXResourcesBuildPhase section */
		7A087E432B3D1B2A00701446 /* Resources */ = {
			isa = PBXResourcesBuildPhase;
			buildActionMask = 2147483647;
			files = (
				7A087E442B3D1B2A00701446 /* pretendard_extra_bold.otf in Resources */,
				7A087E452B3D1B2A00701446 /* Preview Assets.xcassets in Resources */,
				7A087E462B3D1B2A00701446 /* pretendard_medium.otf in Resources */,
				7A087E472B3D1B2A00701446 /* pretendard_light.otf in Resources */,
				7A087E482B3D1B2A00701446 /* pretendard_bold.otf in Resources */,
				7A087E492B3D1B2A00701446 /* Assets.xcassets in Resources */,
				7A087E4A2B3D1B2A00701446 /* pretendard_thin.otf in Resources */,
				7A087E4B2B3D1B2A00701446 /* pretendard_semi_bold.otf in Resources */,
				7A087E4C2B3D1B2A00701446 /* pretendard_regular.otf in Resources */,
			);
			runOnlyForDeploymentPostprocessing = 0;
		};
/* End PBXResourcesBuildPhase section */

/* Begin PBXSourcesBuildPhase section */
		7A087E3B2B3D1B2A00701446 /* Sources */ = {
			isa = PBXSourcesBuildPhase;
			buildActionMask = 2147483647;
			files = (
				7A99D2422B456B6A00F1626C /* Keychain.swift in Sources */,
				7A99D23D2B4537B900F1626C /* TokenResponseDto.swift in Sources */,
				7AE2CB6A2B3D526000270F27 /* Color.swift in Sources */,
				7A087E3C2B3D1B2A00701446 /* ContentView.swift in Sources */,
				7A087E3D2B3D1B2A00701446 /* Signup.swift in Sources */,
				7AE2CB672B3D4A4300270F27 /* Fonts.swift in Sources */,
				7A99D24B2B46418D00F1626C /* SignupViewModel.swift in Sources */,
				7A99D22B2B441C8900F1626C /* SelectCountryRadioButton.swift in Sources */,
				7A99D2342B452BFF00F1626C /* URL.swift in Sources */,
				7A99D2262B440CCE00F1626C /* TextRule.swift in Sources */,
				7A99D2442B45717100F1626C /* SignupRequestDto.swift in Sources */,
				7A99D24D2B46DAEB00F1626C /* ErrorResponseDto.swift in Sources */,
				7AD3DDD62B3D85CE00B4EE55 /* CheckBoxToggleStyle.swift in Sources */,
				7A087E3F2B3D1B2A00701446 /* Auth.swift in Sources */,
				7A99D2292B44114900F1626C /* PasswordHideToggleStyle.swift in Sources */,
				7A087E402B3D1B2A00701446 /* SplashView.swift in Sources */,
				7A99D2392B45367400F1626C /* LoginRequestDto.swift in Sources */,
				7A087E412B3D1B2A00701446 /* Login.swift in Sources */,
				7A99D2492B46418100F1626C /* LoginViewModel.swift in Sources */,
				7A99D2312B4524FF00F1626C /* Constant.swift in Sources */,
			);
			runOnlyForDeploymentPostprocessing = 0;
		};
/* End PBXSourcesBuildPhase section */

/* Begin XCBuildConfiguration section */
		7A087E0C2B3CF57C00701446 /* Debug */ = {
			isa = XCBuildConfiguration;
			buildSettings = {
				ALWAYS_SEARCH_USER_PATHS = NO;
				ASSETCATALOG_COMPILER_GENERATE_SWIFT_ASSET_SYMBOL_EXTENSIONS = YES;
				CLANG_ANALYZER_NONNULL = YES;
				CLANG_ANALYZER_NUMBER_OBJECT_CONVERSION = YES_AGGRESSIVE;
				CLANG_CXX_LANGUAGE_STANDARD = "gnu++20";
				CLANG_ENABLE_MODULES = YES;
				CLANG_ENABLE_OBJC_ARC = YES;
				CLANG_ENABLE_OBJC_WEAK = YES;
				CLANG_WARN_BLOCK_CAPTURE_AUTORELEASING = YES;
				CLANG_WARN_BOOL_CONVERSION = YES;
				CLANG_WARN_COMMA = YES;
				CLANG_WARN_CONSTANT_CONVERSION = YES;
				CLANG_WARN_DEPRECATED_OBJC_IMPLEMENTATIONS = YES;
				CLANG_WARN_DIRECT_OBJC_ISA_USAGE = YES_ERROR;
				CLANG_WARN_DOCUMENTATION_COMMENTS = YES;
				CLANG_WARN_EMPTY_BODY = YES;
				CLANG_WARN_ENUM_CONVERSION = YES;
				CLANG_WARN_INFINITE_RECURSION = YES;
				CLANG_WARN_INT_CONVERSION = YES;
				CLANG_WARN_NON_LITERAL_NULL_CONVERSION = YES;
				CLANG_WARN_OBJC_IMPLICIT_RETAIN_SELF = YES;
				CLANG_WARN_OBJC_LITERAL_CONVERSION = YES;
				CLANG_WARN_OBJC_ROOT_CLASS = YES_ERROR;
				CLANG_WARN_QUOTED_INCLUDE_IN_FRAMEWORK_HEADER = YES;
				CLANG_WARN_RANGE_LOOP_ANALYSIS = YES;
				CLANG_WARN_STRICT_PROTOTYPES = YES;
				CLANG_WARN_SUSPICIOUS_MOVE = YES;
				CLANG_WARN_UNGUARDED_AVAILABILITY = YES_AGGRESSIVE;
				CLANG_WARN_UNREACHABLE_CODE = YES;
				CLANG_WARN__DUPLICATE_METHOD_MATCH = YES;
				COPY_PHASE_STRIP = NO;
				DEBUG_INFORMATION_FORMAT = dwarf;
				ENABLE_STRICT_OBJC_MSGSEND = YES;
				ENABLE_TESTABILITY = YES;
				ENABLE_USER_SCRIPT_SANDBOXING = YES;
				GCC_C_LANGUAGE_STANDARD = gnu17;
				GCC_DYNAMIC_NO_PIC = NO;
				GCC_NO_COMMON_BLOCKS = YES;
				GCC_OPTIMIZATION_LEVEL = 0;
				GCC_PREPROCESSOR_DEFINITIONS = (
					"DEBUG=1",
					"$(inherited)",
				);
				GCC_WARN_64_TO_32_BIT_CONVERSION = YES;
				GCC_WARN_ABOUT_RETURN_TYPE = YES_ERROR;
				GCC_WARN_UNDECLARED_SELECTOR = YES;
				GCC_WARN_UNINITIALIZED_AUTOS = YES_AGGRESSIVE;
				GCC_WARN_UNUSED_FUNCTION = YES;
				GCC_WARN_UNUSED_VARIABLE = YES;
				IPHONEOS_DEPLOYMENT_TARGET = 17.2;
				LOCALIZATION_PREFERS_STRING_CATALOGS = YES;
				MTL_ENABLE_DEBUG_INFO = INCLUDE_SOURCE;
				MTL_FAST_MATH = YES;
				ONLY_ACTIVE_ARCH = YES;
				SDKROOT = iphoneos;
				SWIFT_ACTIVE_COMPILATION_CONDITIONS = "DEBUG $(inherited)";
				SWIFT_OPTIMIZATION_LEVEL = "-Onone";
			};
			name = Debug;
		};
		7A087E0D2B3CF57C00701446 /* Release */ = {
			isa = XCBuildConfiguration;
			buildSettings = {
				ALWAYS_SEARCH_USER_PATHS = NO;
				ASSETCATALOG_COMPILER_GENERATE_SWIFT_ASSET_SYMBOL_EXTENSIONS = YES;
				CLANG_ANALYZER_NONNULL = YES;
				CLANG_ANALYZER_NUMBER_OBJECT_CONVERSION = YES_AGGRESSIVE;
				CLANG_CXX_LANGUAGE_STANDARD = "gnu++20";
				CLANG_ENABLE_MODULES = YES;
				CLANG_ENABLE_OBJC_ARC = YES;
				CLANG_ENABLE_OBJC_WEAK = YES;
				CLANG_WARN_BLOCK_CAPTURE_AUTORELEASING = YES;
				CLANG_WARN_BOOL_CONVERSION = YES;
				CLANG_WARN_COMMA = YES;
				CLANG_WARN_CONSTANT_CONVERSION = YES;
				CLANG_WARN_DEPRECATED_OBJC_IMPLEMENTATIONS = YES;
				CLANG_WARN_DIRECT_OBJC_ISA_USAGE = YES_ERROR;
				CLANG_WARN_DOCUMENTATION_COMMENTS = YES;
				CLANG_WARN_EMPTY_BODY = YES;
				CLANG_WARN_ENUM_CONVERSION = YES;
				CLANG_WARN_INFINITE_RECURSION = YES;
				CLANG_WARN_INT_CONVERSION = YES;
				CLANG_WARN_NON_LITERAL_NULL_CONVERSION = YES;
				CLANG_WARN_OBJC_IMPLICIT_RETAIN_SELF = YES;
				CLANG_WARN_OBJC_LITERAL_CONVERSION = YES;
				CLANG_WARN_OBJC_ROOT_CLASS = YES_ERROR;
				CLANG_WARN_QUOTED_INCLUDE_IN_FRAMEWORK_HEADER = YES;
				CLANG_WARN_RANGE_LOOP_ANALYSIS = YES;
				CLANG_WARN_STRICT_PROTOTYPES = YES;
				CLANG_WARN_SUSPICIOUS_MOVE = YES;
				CLANG_WARN_UNGUARDED_AVAILABILITY = YES_AGGRESSIVE;
				CLANG_WARN_UNREACHABLE_CODE = YES;
				CLANG_WARN__DUPLICATE_METHOD_MATCH = YES;
				COPY_PHASE_STRIP = NO;
				DEBUG_INFORMATION_FORMAT = "dwarf-with-dsym";
				ENABLE_NS_ASSERTIONS = NO;
				ENABLE_STRICT_OBJC_MSGSEND = YES;
				ENABLE_USER_SCRIPT_SANDBOXING = YES;
				GCC_C_LANGUAGE_STANDARD = gnu17;
				GCC_NO_COMMON_BLOCKS = YES;
				GCC_WARN_64_TO_32_BIT_CONVERSION = YES;
				GCC_WARN_ABOUT_RETURN_TYPE = YES_ERROR;
				GCC_WARN_UNDECLARED_SELECTOR = YES;
				GCC_WARN_UNINITIALIZED_AUTOS = YES_AGGRESSIVE;
				GCC_WARN_UNUSED_FUNCTION = YES;
				GCC_WARN_UNUSED_VARIABLE = YES;
				IPHONEOS_DEPLOYMENT_TARGET = 17.2;
				LOCALIZATION_PREFERS_STRING_CATALOGS = YES;
				MTL_ENABLE_DEBUG_INFO = NO;
				MTL_FAST_MATH = YES;
				SDKROOT = iphoneos;
				SWIFT_COMPILATION_MODE = wholemodule;
				VALIDATE_PRODUCT = YES;
			};
			name = Release;
		};
		7A087E4E2B3D1B2A00701446 /* Debug */ = {
			isa = XCBuildConfiguration;
			buildSettings = {
				ASSETCATALOG_COMPILER_APPICON_NAME = AppIcon;
				ASSETCATALOG_COMPILER_GLOBAL_ACCENT_COLOR_NAME = AccentColor;
				CLANG_ENABLE_MODULES = YES;
				CODE_SIGN_STYLE = Automatic;
				CURRENT_PROJECT_VERSION = 1;
				DEVELOPMENT_ASSET_PATHS = "\"newjeans-bunnies-ios/Preview Content\"";
				DEVELOPMENT_TEAM = F2C5ZWGQUJ;
				ENABLE_PREVIEWS = YES;
				GENERATE_INFOPLIST_FILE = NO;
				INFOPLIST_FILE = "/Users/hamtory/Documents/github/iOS/newjeans-bunnies-ios/newjeans-bunnies-ios/Info.plist";
				INFOPLIST_KEY_UIApplicationSceneManifest_Generation = YES;
				INFOPLIST_KEY_UIApplicationSupportsIndirectInputEvents = YES;
				INFOPLIST_KEY_UILaunchScreen_Generation = YES;
				INFOPLIST_KEY_UISupportedInterfaceOrientations_iPad = "UIInterfaceOrientationPortrait UIInterfaceOrientationPortraitUpsideDown UIInterfaceOrientationLandscapeLeft UIInterfaceOrientationLandscapeRight";
				INFOPLIST_KEY_UISupportedInterfaceOrientations_iPhone = "UIInterfaceOrientationPortrait UIInterfaceOrientationLandscapeLeft UIInterfaceOrientationLandscapeRight";
				LD_RUNPATH_SEARCH_PATHS = (
					"$(inherited)",
					"@executable_path/Frameworks",
				);
				MARKETING_VERSION = 1.0;
				PRODUCT_BUNDLE_IDENTIFIER = "Project.newjeans-bunnies-ios";
				PRODUCT_NAME = "$(TARGET_NAME)";
				SWIFT_EMIT_LOC_STRINGS = YES;
				SWIFT_INSTALL_OBJC_HEADER = NO;
				SWIFT_OBJC_BRIDGING_HEADER = "";
				SWIFT_OPTIMIZATION_LEVEL = "-Onone";
				SWIFT_VERSION = 5.0;
				TARGETED_DEVICE_FAMILY = "1,2";
			};
			name = Debug;
		};
		7A087E4F2B3D1B2A00701446 /* Release */ = {
			isa = XCBuildConfiguration;
			buildSettings = {
				ASSETCATALOG_COMPILER_APPICON_NAME = AppIcon;
				ASSETCATALOG_COMPILER_GLOBAL_ACCENT_COLOR_NAME = AccentColor;
				CLANG_ENABLE_MODULES = YES;
				CODE_SIGN_STYLE = Automatic;
				CURRENT_PROJECT_VERSION = 1;
				DEVELOPMENT_ASSET_PATHS = "\"newjeans-bunnies-ios/Preview Content\"";
				DEVELOPMENT_TEAM = F2C5ZWGQUJ;
				ENABLE_PREVIEWS = YES;
				GENERATE_INFOPLIST_FILE = NO;
				INFOPLIST_FILE = "/Users/hamtory/Documents/github/iOS/newjeans-bunnies-ios/newjeans-bunnies-ios/Info.plist";
				INFOPLIST_KEY_UIApplicationSceneManifest_Generation = YES;
				INFOPLIST_KEY_UIApplicationSupportsIndirectInputEvents = YES;
				INFOPLIST_KEY_UILaunchScreen_Generation = YES;
				INFOPLIST_KEY_UISupportedInterfaceOrientations_iPad = "UIInterfaceOrientationPortrait UIInterfaceOrientationPortraitUpsideDown UIInterfaceOrientationLandscapeLeft UIInterfaceOrientationLandscapeRight";
				INFOPLIST_KEY_UISupportedInterfaceOrientations_iPhone = "UIInterfaceOrientationPortrait UIInterfaceOrientationLandscapeLeft UIInterfaceOrientationLandscapeRight";
				LD_RUNPATH_SEARCH_PATHS = (
					"$(inherited)",
					"@executable_path/Frameworks",
				);
				MARKETING_VERSION = 1.0;
				PRODUCT_BUNDLE_IDENTIFIER = "Project.newjeans-bunnies-ios";
				PRODUCT_NAME = "$(TARGET_NAME)";
				SWIFT_EMIT_LOC_STRINGS = YES;
				SWIFT_INSTALL_OBJC_HEADER = NO;
				SWIFT_OBJC_BRIDGING_HEADER = "";
				SWIFT_VERSION = 5.0;
				TARGETED_DEVICE_FAMILY = "1,2";
			};
			name = Release;
		};
/* End XCBuildConfiguration section */

/* Begin XCConfigurationList section */
		7A087DFB2B3CF57B00701446 /* Build configuration list for PBXProject "newjeans-bunnies-ios" */ = {
			isa = XCConfigurationList;
			buildConfigurations = (
				7A087E0C2B3CF57C00701446 /* Debug */,
				7A087E0D2B3CF57C00701446 /* Release */,
			);
			defaultConfigurationIsVisible = 0;
			defaultConfigurationName = Release;
		};
		7A087E4D2B3D1B2A00701446 /* Build configuration list for PBXNativeTarget "newjeans-bunnies-ios" */ = {
			isa = XCConfigurationList;
			buildConfigurations = (
				7A087E4E2B3D1B2A00701446 /* Debug */,
				7A087E4F2B3D1B2A00701446 /* Release */,
			);
			defaultConfigurationIsVisible = 0;
			defaultConfigurationName = Release;
		};
/* End XCConfigurationList section */

/* Begin XCRemoteSwiftPackageReference section */
		7A99D22C2B446D7F00F1626C /* XCRemoteSwiftPackageReference "Alamofire" */ = {
			isa = XCRemoteSwiftPackageReference;
			repositoryURL = "https://github.com/Alamofire/Alamofire.git";
			requirement = {
				kind = upToNextMajorVersion;
				minimumVersion = 5.8.1;
			};
		};
		7A99D23E2B456B2F00F1626C /* XCRemoteSwiftPackageReference "SwiftKeychainWrapper" */ = {
			isa = XCRemoteSwiftPackageReference;
			repositoryURL = "https://github.com/jrendel/SwiftKeychainWrapper";
			requirement = {
				kind = upToNextMajorVersion;
				minimumVersion = 4.0.1;
			};
		};
		7AD3DDD82B3EDEA500B4EE55 /* XCRemoteSwiftPackageReference "FlowKit" */ = {
			isa = XCRemoteSwiftPackageReference;
			repositoryURL = "https://github.com/Mercen-Lee/FlowKit";
			requirement = {
				branch = main;
				kind = branch;
			};
		};
/* End XCRemoteSwiftPackageReference section */

/* Begin XCSwiftPackageProductDependency section */
		7A99D22D2B446D7F00F1626C /* Alamofire */ = {
			isa = XCSwiftPackageProductDependency;
			package = 7A99D22C2B446D7F00F1626C /* XCRemoteSwiftPackageReference "Alamofire" */;
			productName = Alamofire;
		};
		7A99D23F2B456B2F00F1626C /* SwiftKeychainWrapper */ = {
			isa = XCSwiftPackageProductDependency;
			package = 7A99D23E2B456B2F00F1626C /* XCRemoteSwiftPackageReference "SwiftKeychainWrapper" */;
			productName = SwiftKeychainWrapper;
		};
		7AD3DDD92B3EDEA500B4EE55 /* FlowKit */ = {
			isa = XCSwiftPackageProductDependency;
			package = 7AD3DDD82B3EDEA500B4EE55 /* XCRemoteSwiftPackageReference "FlowKit" */;
			productName = FlowKit;
		};
/* End XCSwiftPackageProductDependency section */
	};
	rootObject = 7A087DF82B3CF57B00701446 /* Project object */;
}
